
Microsoft Visual Studio Solution File, Format Version 11.00
# Visual Studio 2010
Project("{FAE04EC0-301F-11D3-BF4B-00C04F79EFBC}") = "Assembly-CSharp", "Assembly-CSharp.csproj", "{9C420D5B-E725-F1C3-AED7-D521B7F0B24D}"
EndProject
Project("{FAE04EC0-301F-11D3-BF4B-00C04F79EFBC}") = "Assembly-CSharp-Editor", "Assembly-CSharp-Editor.csproj", "{9B86FF85-5757-80E4-C017-6400655EFB3F}"
EndProject
Global
	GlobalSection(SolutionConfigurationPlatforms) = preSolution
		Debug|Any CPU = Debug|Any CPU
		Release|Any CPU = Release|Any CPU
	EndGlobalSection
	GlobalSection(ProjectConfigurationPlatforms) = postSolution
		{9C420D5B-E725-F1C3-AED7-D521B7F0B24D}.Debug|Any CPU.ActiveCfg = Debug|Any CPU
		{9C420D5B-E725-F1C3-AED7-D521B7F0B24D}.Debug|Any CPU.Build.0 = Debug|Any CPU
		{9C420D5B-E725-F1C3-AED7-D521B7F0B24D}.Release|Any CPU.ActiveCfg = Release|Any CPU
		{9C420D5B-E725-F1C3-AED7-D521B7F0B24D}.Release|Any CPU.Build.0 = Release|Any CPU
		{9B86FF85-5757-80E4-C017-6400655EFB3F}.Debug|Any CPU.ActiveCfg = Debug|Any CPU
		{9B86FF85-5757-80E4-C017-6400655EFB3F}.Debug|Any CPU.Build.0 = Debug|Any CPU
		{9B86FF85-5757-80E4-C017-6400655EFB3F}.Release|Any CPU.ActiveCfg = Release|Any CPU
		{9B86FF85-5757-80E4-C017-6400655EFB3F}.Release|Any CPU.Build.0 = Release|Any CPU
	EndGlobalSection
	GlobalSection(SolutionProperties) = preSolution
		HideSolutionNode = FALSE
	EndGlobalSection
EndGlobal
